
Microsoft Visual Studio Solution File, Format Version 12.00
# Visual Studio Version 17
VisualStudioVersion = 17.0.32112.339
MinimumVisualStudioVersion = 10.0.40219.1
Project("{9A19103F-16F7-4668-BE54-9A1E7A4F7556}") = "EFCoreCodeSecond", "EFCoreCodeSecond\EFCoreCodeSecond.csproj", "{46826D8E-F52F-4538-B3F1-95ACFE576C4E}"
EndProject
Project("{9A19103F-16F7-4668-BE54-9A1E7A4F7556}") = "CodeFirst", "CodeFirst\CodeFirst.csproj", "{2F4AE90E-F3FB-4F8B-963B-ABE4B8515ADB}"
EndProject
Project("{9A19103F-16F7-4668-BE54-9A1E7A4F7556}") = "EF_CRUD", "EF_CRUD\EF_CRUD.csproj", "{EF44E092-CD53-4DA8-A118-8FBA30D0A5B1}"
EndProject
Project("{9A19103F-16F7-4668-BE54-9A1E7A4F7556}") = "ConnectionСonfiguration", "ConnectionСonfiguration\ConnectionСonfiguration.csproj", "{69A90D8F-132B-4A57-837D-0EA5535959F4}"
EndProject
Project("{9A19103F-16F7-4668-BE54-9A1E7A4F7556}") = "LoggingOperations", "LoggingOperations\LoggingOperations.csproj", "{E09F9F86-7A41-4B1D-A233-1FB1B8289D8B}"
EndProject
Project("{9A19103F-16F7-4668-BE54-9A1E7A4F7556}") = "MigrationApplication", "Migration\MigrationApplication.csproj", "{3AAE7336-42B1-4780-A2D8-7344AC4A8064}"
EndProject
Project("{FAE04EC0-301F-11D3-BF4B-00C04F79EFBC}") = "DbProviders", "DbProviders\DbProviders.csproj", "{15D47198-6553-47DE-B174-C4B73745083D}"
EndProject
Global
	GlobalSection(SolutionConfigurationPlatforms) = preSolution
		Debug|Any CPU = Debug|Any CPU
		Release|Any CPU = Release|Any CPU
	EndGlobalSection
	GlobalSection(ProjectConfigurationPlatforms) = postSolution
		{46826D8E-F52F-4538-B3F1-95ACFE576C4E}.Debug|Any CPU.ActiveCfg = Debug|Any CPU
		{46826D8E-F52F-4538-B3F1-95ACFE576C4E}.Debug|Any CPU.Build.0 = Debug|Any CPU
		{46826D8E-F52F-4538-B3F1-95ACFE576C4E}.Release|Any CPU.ActiveCfg = Release|Any CPU
		{46826D8E-F52F-4538-B3F1-95ACFE576C4E}.Release|Any CPU.Build.0 = Release|Any CPU
		{2F4AE90E-F3FB-4F8B-963B-ABE4B8515ADB}.Debug|Any CPU.ActiveCfg = Debug|Any CPU
		{2F4AE90E-F3FB-4F8B-963B-ABE4B8515ADB}.Debug|Any CPU.Build.0 = Debug|Any CPU
		{2F4AE90E-F3FB-4F8B-963B-ABE4B8515ADB}.Release|Any CPU.ActiveCfg = Release|Any CPU
		{2F4AE90E-F3FB-4F8B-963B-ABE4B8515ADB}.Release|Any CPU.Build.0 = Release|Any CPU
		{EF44E092-CD53-4DA8-A118-8FBA30D0A5B1}.Debug|Any CPU.ActiveCfg = Debug|Any CPU
		{EF44E092-CD53-4DA8-A118-8FBA30D0A5B1}.Debug|Any CPU.Build.0 = Debug|Any CPU
		{EF44E092-CD53-4DA8-A118-8FBA30D0A5B1}.Release|Any CPU.ActiveCfg = Release|Any CPU
		{EF44E092-CD53-4DA8-A118-8FBA30D0A5B1}.Release|Any CPU.Build.0 = Release|Any CPU
		{69A90D8F-132B-4A57-837D-0EA5535959F4}.Debug|Any CPU.ActiveCfg = Debug|Any CPU
		{69A90D8F-132B-4A57-837D-0EA5535959F4}.Debug|Any CPU.Build.0 = Debug|Any CPU
		{69A90D8F-132B-4A57-837D-0EA5535959F4}.Release|Any CPU.ActiveCfg = Release|Any CPU
		{69A90D8F-132B-4A57-837D-0EA5535959F4}.Release|Any CPU.Build.0 = Release|Any CPU
		{E09F9F86-7A41-4B1D-A233-1FB1B8289D8B}.Debug|Any CPU.ActiveCfg = Debug|Any CPU
		{E09F9F86-7A41-4B1D-A233-1FB1B8289D8B}.Debug|Any CPU.Build.0 = Debug|Any CPU
		{E09F9F86-7A41-4B1D-A233-1FB1B8289D8B}.Release|Any CPU.ActiveCfg = Release|Any CPU
		{E09F9F86-7A41-4B1D-A233-1FB1B8289D8B}.Release|Any CPU.Build.0 = Release|Any CPU
		{3AAE7336-42B1-4780-A2D8-7344AC4A8064}.Debug|Any CPU.ActiveCfg = Debug|Any CPU
		{3AAE7336-42B1-4780-A2D8-7344AC4A8064}.Debug|Any CPU.Build.0 = Debug|Any CPU
		{3AAE7336-42B1-4780-A2D8-7344AC4A8064}.Release|Any CPU.ActiveCfg = Release|Any CPU
		{3AAE7336-42B1-4780-A2D8-7344AC4A8064}.Release|Any CPU.Build.0 = Release|Any CPU
		{15D47198-6553-47DE-B174-C4B73745083D}.Debug|Any CPU.ActiveCfg = Debug|Any CPU
		{15D47198-6553-47DE-B174-C4B73745083D}.Debug|Any CPU.Build.0 = Debug|Any CPU
		{15D47198-6553-47DE-B174-C4B73745083D}.Release|Any CPU.ActiveCfg = Release|Any CPU
		{15D47198-6553-47DE-B174-C4B73745083D}.Release|Any CPU.Build.0 = Release|Any CPU
	EndGlobalSection
	GlobalSection(SolutionProperties) = preSolution
		HideSolutionNode = FALSE
	EndGlobalSection
	GlobalSection(ExtensibilityGlobals) = postSolution
		SolutionGuid = {0FB904A8-E71E-4DFC-AFAA-44668CAFE572}
	EndGlobalSection
EndGlobal
